
Microsoft Visual Studio Solution File, Format Version 12.00
# Visual Studio 2013
VisualStudioVersion = 12.0.31101.0
MinimumVisualStudioVersion = 10.0.40219.1
Project("{FAE04EC0-301F-11D3-BF4B-00C04F79EFBC}") = "Property.SpecFlowPlugin", "Property.SpecFlowPlugin\Property.SpecFlowPlugin.csproj", "{C09705F0-BEF5-4089-9814-359346901290}"
EndProject
Project("{2150E333-8FDC-42A3-9474-1A3956D46DE8}") = "doc", "doc", "{67048F39-2AB9-49BA-931B-EDE8E3EB6F2C}"
	ProjectSection(SolutionItems) = preProject
		LICENSE = LICENSE
		README.md = README.md
	EndProjectSection
EndProject
Project("{2150E333-8FDC-42A3-9474-1A3956D46DE8}") = ".nuget", ".nuget", "{263F860F-A5E2-44A7-9AC2-473C2C355A8B}"
	ProjectSection(SolutionItems) = preProject
		.nuget\packages.config = .nuget\packages.config
	EndProjectSection
EndProject
Global
	GlobalSection(SolutionConfigurationPlatforms) = preSolution
		Debug|Any CPU = Debug|Any CPU
		Release|Any CPU = Release|Any CPU
	EndGlobalSection
	GlobalSection(ProjectConfigurationPlatforms) = postSolution
		{C09705F0-BEF5-4089-9814-359346901290}.Debug|Any CPU.ActiveCfg = Debug|Any CPU
		{C09705F0-BEF5-4089-9814-359346901290}.Debug|Any CPU.Build.0 = Debug|Any CPU
		{C09705F0-BEF5-4089-9814-359346901290}.Release|Any CPU.ActiveCfg = Release|Any CPU
		{C09705F0-BEF5-4089-9814-359346901290}.Release|Any CPU.Build.0 = Release|Any CPU
	EndGlobalSection
	GlobalSection(SolutionProperties) = preSolution
		HideSolutionNode = FALSE
	EndGlobalSection
EndGlobal
